// !$*UTF8*$!
{
	archiveVersion = 1;
	classes = {
	};
	objectVersion = 46;
	objects = {

/* Begin PBXBuildFile section */
		A08AE4EB1D986B8400A5FFB5 /* AppDelegate.swift in Sources */ = {isa = PBXBuildFile; fileRef = A08AE4EA1D986B8400A5FFB5 /* AppDelegate.swift */; };
		A08AE4ED1D986B8400A5FFB5 /* Assets.xcassets in Resources */ = {isa = PBXBuildFile; fileRef = A08AE4EC1D986B8400A5FFB5 /* Assets.xcassets */; };
		A08AE4F01D986B8400A5FFB5 /* MainMenu.xib in Resources */ = {isa = PBXBuildFile; fileRef = A08AE4EE1D986B8400A5FFB5 /* MainMenu.xib */; };
		A08AE4F81D986BD600A5FFB5 /* CustomViewController.swift in Sources */ = {isa = PBXBuildFile; fileRef = A08AE4F71D986BD600A5FFB5 /* CustomViewController.swift */; };
		A08AE4FA1D986C0E00A5FFB5 /* CustomView.xib in Resources */ = {isa = PBXBuildFile; fileRef = A08AE4F91D986C0E00A5FFB5 /* CustomView.xib */; };
/* End PBXBuildFile section */

/* Begin PBXFileReference section */
		A08AE4E71D986B8400A5FFB5 /* NSStackviewQuestion.app */ = {isa = PBXFileReference; explicitFileType = wrapper.application; includeInIndex = 0; path = NSStackviewQuestion.app; sourceTree = BUILT_PRODUCTS_DIR; };
		A08AE4EA1D986B8400A5FFB5 /* AppDelegate.swift */ = {isa = PBXFileReference; lastKnownFileType = sourcecode.swift; path = AppDelegate.swift; sourceTree = "<group>"; };
		A08AE4EC1D986B8400A5FFB5 /* Assets.xcassets */ = {isa = PBXFileReference; lastKnownFileType = folder.assetcatalog; path = Assets.xcassets; sourceTree = "<group>"; };
		A08AE4EF1D986B8400A5FFB5 /* Base */ = {isa = PBXFileReference; lastKnownFileType = file.xib; name = Base; path = Base.lproj/MainMenu.xib; sourceTree = "<group>"; };
		A08AE4F11D986B8400A5FFB5 /* Info.plist */ = {isa = PBXFileReference; lastKnownFileType = text.plist.xml; path = Info.plist; sourceTree = "<group>"; };
		A08AE4F71D986BD600A5FFB5 /* CustomViewController.swift */ = {isa = PBXFileReference; fileEncoding = 4; lastKnownFileType = sourcecode.swift; path = CustomViewController.swift; sourceTree = "<group>"; };
		A08AE4F91D986C0E00A5FFB5 /* CustomView.xib */ = {isa = PBXFileReference; fileEncoding = 4; lastKnownFileType = file.xib; path = CustomView.xib; sourceTree = "<group>"; };
/* End PBXFileReference section */

/* Begin PBXFrameworksBuildPhase section */
		A08AE4E41D986B8400A5FFB5 /* Frameworks */ = {
			isa = PBXFrameworksBuildPhase;
			buildActionMask = 2147483647;
			files = (
			);
			runOnlyForDeploymentPostprocessing = 0;
		};
/* End PBXFrameworksBuildPhase section */

/* Begin PBXGroup section */
		A08AE4DE1D986B8400A5FFB5 = {
			isa = PBXGroup;
			children = (
				A08AE4E91D986B8400A5FFB5 /* NSStackviewQuestion */,
				A08AE4E81D986B8400A5FFB5 /* Products */,
			);
			sourceTree = "<group>";
		};
		A08AE4E81D986B8400A5FFB5 /* Products */ = {
			isa = PBXGroup;
			children = (
				A08AE4E71D986B8400A5FFB5 /* NSStackviewQuestion.app */,
			);
			name = Products;
			sourceTree = "<group>";
		};
		A08AE4E91D986B8400A5FFB5 /* NSStackviewQuestion */ = {
			isa = PBXGroup;
			children = (
				A08AE4EA1D986B8400A5FFB5 /* AppDelegate.swift */,
				A08AE4F71D986BD600A5FFB5 /* CustomViewController.swift */,
				A08AE4EC1D986B8400A5FFB5 /* Assets.xcassets */,
				A08AE4EE1D986B8400A5FFB5 /* MainMenu.xib */,
				A08AE4F11D986B8400A5FFB5 /* Info.plist */,
				A08AE4F91D986C0E00A5FFB5 /* CustomView.xib */,
			);
			path = NSStackviewQuestion;
			sourceTree = "<group>";
		};
/* End PBXGroup section */

/* Begin PBXNativeTarget section */
		A08AE4E61D986B8400A5FFB5 /* NSStackviewQuestion */ = {
			isa = PBXNativeTarget;
			buildConfigurationList = A08AE4F41D986B8400A5FFB5 /* Build configuration list for PBXNativeTarget "NSStackviewQuestion" */;
			buildPhases = (
				A08AE4E31D986B8400A5FFB5 /* Sources */,
				A08AE4E41D986B8400A5FFB5 /* Frameworks */,
				A08AE4E51D986B8400A5FFB5 /* Resources */,
			);
			buildRules = (
			);
			dependencies = (
			);
			name = NSStackviewQuestion;
			productName = NSStackviewQuestion;
			productReference = A08AE4E71D986B8400A5FFB5 /* NSStackviewQuestion.app */;
			productType = "com.apple.product-type.application";
		};
/* End PBXNativeTarget section */

/* Begin PBXProject section */
		A08AE4DF1D986B8400A5FFB5 /* Project object */ = {
			isa = PBXProject;
			attributes = {
				LastSwiftUpdateCheck = 0800;
				LastUpgradeCheck = 0800;
				ORGANIZATIONNAME = foobar;
				TargetAttributes = {
					A08AE4E61D986B8400A5FFB5 = {
						CreatedOnToolsVersion = 8.0;
						ProvisioningStyle = Automatic;
					};
				};
			};
			buildConfigurationList = A08AE4E21D986B8400A5FFB5 /* Build configuration list for PBXProject "NSStackviewQuestion" */;
			compatibilityVersion = "Xcode 3.2";
			developmentRegion = English;
			hasScannedForEncodings = 0;
			knownRegions = (
				en,
				Base,
			);
			mainGroup = A08AE4DE1D986B8400A5FFB5;
			productRefGroup = A08AE4E81D986B8400A5FFB5 /* Products */;
			projectDirPath = "";
			projectRoot = "";
			targets = (
				A08AE4E61D986B8400A5FFB5 /* NSStackviewQuestion */,
			);
		};
/* End PBXProject section */

/* Begin PBXResourcesBuildPhase section */
		A08AE4E51D986B8400A5FFB5 /* Resources */ = {
			isa = PBXResourcesBuildPhase;
			buildActionMask = 2147483647;
			files = (
				A08AE4ED1D986B8400A5FFB5 /* Assets.xcassets in Resources */,
				A08AE4F01D986B8400A5FFB5 /* MainMenu.xib in Resources */,
				A08AE4FA1D986C0E00A5FFB5 /* CustomView.xib in Resources */,
			);
			runOnlyForDeploymentPostprocessing = 0;
		};
/* End PBXResourcesBuildPhase section */

/* Begin PBXSourcesBuildPhase section */
		A08AE4E31D986B8400A5FFB5 /* Sources */ = {
			isa = PBXSourcesBuildPhase;
			buildActionMask = 2147483647;
			files = (
				A08AE4EB1D986B8400A5FFB5 /* AppDelegate.swift in Sources */,
				A08AE4F81D986BD600A5FFB5 /* CustomViewController.swift in Sources */,
			);
			runOnlyForDeploymentPostprocessing = 0;
		};
/* End PBXSourcesBuildPhase section */

/* Begin PBXVariantGroup section */
		A08AE4EE1D986B8400A5FFB5 /* MainMenu.xib */ = {
			isa = PBXVariantGroup;
			children = (
				A08AE4EF1D986B8400A5FFB5 /* Base */,
			);
			name = MainMenu.xib;
			sourceTree = "<group>";
		};
/* End PBXVariantGroup section */

/* Begin XCBuildConfiguration section */
		A08AE4F21D986B8400A5FFB5 /* Debug */ = {
			isa = XCBuildConfiguration;
			buildSettings = {
				ALWAYS_SEARCH_USER_PATHS = NO;
				CLANG_ANALYZER_NONNULL = YES;
				CLANG_CXX_LANGUAGE_STANDARD = "gnu++0x";
				CLANG_CXX_LIBRARY = "libc++";
				CLANG_ENABLE_MODULES = YES;
				CLANG_ENABLE_OBJC_ARC = YES;
				CLANG_WARN_BOOL_CONVERSION = YES;
				CLANG_WARN_CONSTANT_CONVERSION = YES;
				CLANG_WARN_DIRECT_OBJC_ISA_USAGE = YES_ERROR;
				CLANG_WARN_DOCUMENTATION_COMMENTS = YES;
				CLANG_WARN_EMPTY_BODY = YES;
				CLANG_WARN_ENUM_CONVERSION = YES;
				CLANG_WARN_INFINITE_RECURSION = YES;
				CLANG_WARN_INT_CONVERSION = YES;
				CLANG_WARN_OBJC_ROOT_CLASS = YES_ERROR;
				CLANG_WARN_SUSPICIOUS_MOVES = YES;
				CLANG_WARN_UNREACHABLE_CODE = YES;
				CLANG_WARN__DUPLICATE_METHOD_MATCH = YES;
				CODE_SIGN_IDENTITY = "-";
				COPY_PHASE_STRIP = NO;
				DEBUG_INFORMATION_FORMAT = dwarf;
				ENABLE_STRICT_OBJC_MSGSEND = YES;
				ENABLE_TESTABILITY = YES;
				GCC_C_LANGUAGE_STANDARD = gnu99;
				GCC_DYNAMIC_NO_PIC = NO;
				GCC_NO_COMMON_BLOCKS = YES;
				GCC_OPTIMIZATION_LEVEL = 0;
				GCC_PREPROCESSOR_DEFINITIONS = (
					"DEBUG=1",
					"$(inherited)",
				);
				GCC_WARN_64_TO_32_BIT_CONVERSION = YES;
				GCC_WARN_ABOUT_RETURN_TYPE = YES_ERROR;
				GCC_WARN_UNDECLARED_SELECTOR = YES;
				GCC_WARN_UNINITIALIZED_AUTOS = YES_AGGRESSIVE;
				GCC_WARN_UNUSED_FUNCTION = YES;
				GCC_WARN_UNUSED_VARIABLE = YES;
				MACOSX_DEPLOYMENT_TARGET = 10.11;
				MTL_ENABLE_DEBUG_INFO = YES;
				ONLY_ACTIVE_ARCH = YES;
				SDKROOT = macosx;
				SWIFT_ACTIVE_COMPILATION_CONDITIONS = DEBUG;
				SWIFT_OPTIMIZATION_LEVEL = "-Onone";
			};
			name = Debug;
		};
		A08AE4F31D986B8400A5FFB5 /* Release */ = {
			isa = XCBuildConfiguration;
			buildSettings = {
				ALWAYS_SEARCH_USER_PATHS = NO;
				CLANG_ANALYZER_NONNULL = YES;
				CLANG_CXX_LANGUAGE_STANDARD = "gnu++0x";
				CLANG_CXX_LIBRARY = "libc++";
				CLANG_ENABLE_MODULES = YES;
				CLANG_ENABLE_OBJC_ARC = YES;
				CLANG_WARN_BOOL_CONVERSION = YES;
				CLANG_WARN_CONSTANT_CONVERSION = YES;
				CLANG_WARN_DIRECT_OBJC_ISA_USAGE = YES_ERROR;
				CLANG_WARN_DOCUMENTATION_COMMENTS = YES;
				CLANG_WARN_EMPTY_BODY = YES;
				CLANG_WARN_ENUM_CONVERSION = YES;
				CLANG_WARN_INFINITE_RECURSION = YES;
				CLANG_WARN_INT_CONVERSION = YES;
				CLANG_WARN_OBJC_ROOT_CLASS = YES_ERROR;
				CLANG_WARN_SUSPICIOUS_MOVES = YES;
				CLANG_WARN_UNREACHABLE_CODE = YES;
				CLANG_WARN__DUPLICATE_METHOD_MATCH = YES;
				CODE_SIGN_IDENTITY = "-";
				COPY_PHASE_STRIP = NO;
				DEBUG_INFORMATION_FORMAT = "dwarf-with-dsym";
				ENABLE_NS_ASSERTIONS = NO;
				ENABLE_STRICT_OBJC_MSGSEND = YES;
				GCC_C_LANGUAGE_STANDARD = gnu99;
				GCC_NO_COMMON_BLOCKS = YES;
				GCC_WARN_64_TO_32_BIT_CONVERSION = YES;
				GCC_WARN_ABOUT_RETURN_TYPE = YES_ERROR;
				GCC_WARN_UNDECLARED_SELECTOR = YES;
				GCC_WARN_UNINITIALIZED_AUTOS = YES_AGGRESSIVE;
				GCC_WARN_UNUSED_FUNCTION = YES;
				GCC_WARN_UNUSED_VARIABLE = YES;
				MACOSX_DEPLOYMENT_TARGET = 10.11;
				MTL_ENABLE_DEBUG_INFO = NO;
				SDKROOT = macosx;
				SWIFT_OPTIMIZATION_LEVEL = "-Owholemodule";
			};
			name = Release;
		};
		A08AE4F51D986B8400A5FFB5 /* Debug */ = {
			isa = XCBuildConfiguration;
			buildSettings = {
				ASSETCATALOG_COMPILER_APPICON_NAME = AppIcon;
				COMBINE_HIDPI_IMAGES = YES;
				INFOPLIST_FILE = NSStackviewQuestion/Info.plist;
				LD_RUNPATH_SEARCH_PATHS = "$(inherited) @executable_path/../Frameworks";
				PRODUCT_BUNDLE_IDENTIFIER = foo.bar.NSStackviewQuestion;
				PRODUCT_NAME = "$(TARGET_NAME)";
				SWIFT_VERSION = 3.0;
			};
			name = Debug;
		};
		A08AE4F61D986B8400A5FFB5 /* Release */ = {
			isa = XCBuildConfiguration;
			buildSettings = {
				ASSETCATALOG_COMPILER_APPICON_NAME = AppIcon;
				COMBINE_HIDPI_IMAGES = YES;
				INFOPLIST_FILE = NSStackviewQuestion/Info.plist;
				LD_RUNPATH_SEARCH_PATHS = "$(inherited) @executable_path/../Frameworks";
				PRODUCT_BUNDLE_IDENTIFIER = foo.bar.NSStackviewQuestion;
				PRODUCT_NAME = "$(TARGET_NAME)";
				SWIFT_VERSION = 3.0;
			};
			name = Release;
		};
/* End XCBuildConfiguration section */

/* Begin XCConfigurationList section */
		A08AE4E21D986B8400A5FFB5 /* Build configuration list for PBXProject "NSStackviewQuestion" */ = {
			isa = XCConfigurationList;
			buildConfigurations = (
				A08AE4F21D986B8400A5FFB5 /* Debug */,
				A08AE4F31D986B8400A5FFB5 /* Release */,
			);
			defaultConfigurationIsVisible = 0;
			defaultConfigurationName = Release;
		};
		A08AE4F41D986B8400A5FFB5 /* Build configuration list for PBXNativeTarget "NSStackviewQuestion" */ = {
			isa = XCConfigurationList;
			buildConfigurations = (
				A08AE4F51D986B8400A5FFB5 /* Debug */,
				A08AE4F61D986B8400A5FFB5 /* Release */,
			);
			defaultConfigurationIsVisible = 0;
		};
/* End XCConfigurationList section */
	};
	rootObject = A08AE4DF1D986B8400A5FFB5 /* Project object */;
}
